{
    "name": "vscode-extensions",
    "version": "0.0.6",
    "lockfileVersion": 3,
    "requires": true,
    "packages": {
        "": {
            "name": "vscode-extensions",
            "version": "0.0.6",
            "license": "SEE LICENSE IN LICENSE.md",
            "engines": {
                "vscode": "^1.8.0"
            }
        }
    }
}
